// !$*UTF8*$!
{
	archiveVersion = 1;
	classes = {
	};
	objectVersion = 46;
	objects = {

/* Begin PBXBuildFile section */
		1151CA6A19E4235300750B7C /* AppDelegate.swift in Sources */ = {isa = PBXBuildFile; fileRef = 1151CA6919E4235300750B7C /* AppDelegate.swift */; };
		1151CA6C19E4235300750B7C /* GameScene.sks in Resources */ = {isa = PBXBuildFile; fileRef = 1151CA6B19E4235300750B7C /* GameScene.sks */; };
		1151CA6E19E4235300750B7C /* GameScene.swift in Sources */ = {isa = PBXBuildFile; fileRef = 1151CA6D19E4235300750B7C /* GameScene.swift */; };
		1151CA7019E4235300750B7C /* GameViewController.swift in Sources */ = {isa = PBXBuildFile; fileRef = 1151CA6F19E4235300750B7C /* GameViewController.swift */; };
		1151CA7319E4235300750B7C /* Main.storyboard in Resources */ = {isa = PBXBuildFile; fileRef = 1151CA7119E4235300750B7C /* Main.storyboard */; };
		1151CA7519E4235300750B7C /* Images.xcassets in Resources */ = {isa = PBXBuildFile; fileRef = 1151CA7419E4235300750B7C /* Images.xcassets */; };
		1151CA7819E4235300750B7C /* LaunchScreen.xib in Resources */ = {isa = PBXBuildFile; fileRef = 1151CA7619E4235300750B7C /* LaunchScreen.xib */; };
		1151CA8419E4235300750B7C /* peachJohnTests.swift in Sources */ = {isa = PBXBuildFile; fileRef = 1151CA8319E4235300750B7C /* peachJohnTests.swift */; };
		9A5B6DC41A1574E600C890CE /* InfoScene.swift in Sources */ = {isa = PBXBuildFile; fileRef = 9A5B6DC31A1574E600C890CE /* InfoScene.swift */; };
		9A5D341A1A118E0300D6A821 /* pantyColorModel.swift in Sources */ = {isa = PBXBuildFile; fileRef = 9A5D34191A118E0300D6A821 /* pantyColorModel.swift */; };
		9A63ACEB1A102C800038153B /* ImagineScene.swift in Sources */ = {isa = PBXBuildFile; fileRef = 9A63ACEA1A102C800038153B /* ImagineScene.swift */; };
		9AE943511A0F9AF4004AC409 /* purple_cat.jpeg in Resources */ = {isa = PBXBuildFile; fileRef = 9AE9434E1A0F9AF4004AC409 /* purple_cat.jpeg */; };
		9AE943521A0F9AF4004AC409 /* mono_cat.jpeg in Resources */ = {isa = PBXBuildFile; fileRef = 9AE9434F1A0F9AF4004AC409 /* mono_cat.jpeg */; };
		9AE943531A0F9AF4004AC409 /* cat114.png in Resources */ = {isa = PBXBuildFile; fileRef = 9AE943501A0F9AF4004AC409 /* cat114.png */; };
		9AE943551A0F9B4F004AC409 /* TopScene.swift in Sources */ = {isa = PBXBuildFile; fileRef = 9AE943541A0F9B4F004AC409 /* TopScene.swift */; };
/* End PBXBuildFile section */

/* Begin PBXContainerItemProxy section */
		1151CA7E19E4235300750B7C /* PBXContainerItemProxy */ = {
			isa = PBXContainerItemProxy;
			containerPortal = 1151CA5C19E4235300750B7C /* Project object */;
			proxyType = 1;
			remoteGlobalIDString = 1151CA6319E4235300750B7C;
			remoteInfo = peachJohn;
		};
/* End PBXContainerItemProxy section */

/* Begin PBXFileReference section */
		1151CA6419E4235300750B7C /* peachJohn.app */ = {isa = PBXFileReference; explicitFileType = wrapper.application; includeInIndex = 0; path = peachJohn.app; sourceTree = BUILT_PRODUCTS_DIR; };
		1151CA6819E4235300750B7C /* Info.plist */ = {isa = PBXFileReference; lastKnownFileType = text.plist.xml; path = Info.plist; sourceTree = "<group>"; };
		1151CA6919E4235300750B7C /* AppDelegate.swift */ = {isa = PBXFileReference; lastKnownFileType = sourcecode.swift; path = AppDelegate.swift; sourceTree = "<group>"; };
		1151CA6B19E4235300750B7C /* GameScene.sks */ = {isa = PBXFileReference; lastKnownFileType = file.sks; path = GameScene.sks; sourceTree = "<group>"; };
		1151CA6D19E4235300750B7C /* GameScene.swift */ = {isa = PBXFileReference; lastKnownFileType = sourcecode.swift; path = GameScene.swift; sourceTree = "<group>"; };
		1151CA6F19E4235300750B7C /* GameViewController.swift */ = {isa = PBXFileReference; lastKnownFileType = sourcecode.swift; path = GameViewController.swift; sourceTree = "<group>"; };
		1151CA7219E4235300750B7C /* Base */ = {isa = PBXFileReference; lastKnownFileType = file.storyboard; name = Base; path = Base.lproj/Main.storyboard; sourceTree = "<group>"; };
		1151CA7419E4235300750B7C /* Images.xcassets */ = {isa = PBXFileReference; lastKnownFileType = folder.assetcatalog; path = Images.xcassets; sourceTree = "<group>"; };
		1151CA7719E4235300750B7C /* Base */ = {isa = PBXFileReference; lastKnownFileType = file.xib; name = Base; path = Base.lproj/LaunchScreen.xib; sourceTree = "<group>"; };
		1151CA7D19E4235300750B7C /* peachJohnTests.xctest */ = {isa = PBXFileReference; explicitFileType = wrapper.cfbundle; includeInIndex = 0; path = peachJohnTests.xctest; sourceTree = BUILT_PRODUCTS_DIR; };
		1151CA8219E4235300750B7C /* Info.plist */ = {isa = PBXFileReference; lastKnownFileType = text.plist.xml; path = Info.plist; sourceTree = "<group>"; };
		1151CA8319E4235300750B7C /* peachJohnTests.swift */ = {isa = PBXFileReference; lastKnownFileType = sourcecode.swift; path = peachJohnTests.swift; sourceTree = "<group>"; };
		9A5B6DC31A1574E600C890CE /* InfoScene.swift */ = {isa = PBXFileReference; fileEncoding = 4; lastKnownFileType = sourcecode.swift; path = InfoScene.swift; sourceTree = "<group>"; };
		9A5D34191A118E0300D6A821 /* pantyColorModel.swift */ = {isa = PBXFileReference; fileEncoding = 4; lastKnownFileType = sourcecode.swift; path = pantyColorModel.swift; sourceTree = "<group>"; };
		9A63ACEA1A102C800038153B /* ImagineScene.swift */ = {isa = PBXFileReference; fileEncoding = 4; lastKnownFileType = sourcecode.swift; path = ImagineScene.swift; sourceTree = "<group>"; };
		9AE9434E1A0F9AF4004AC409 /* purple_cat.jpeg */ = {isa = PBXFileReference; lastKnownFileType = image.jpeg; path = purple_cat.jpeg; sourceTree = "<group>"; };
		9AE9434F1A0F9AF4004AC409 /* mono_cat.jpeg */ = {isa = PBXFileReference; lastKnownFileType = image.jpeg; path = mono_cat.jpeg; sourceTree = "<group>"; };
		9AE943501A0F9AF4004AC409 /* cat114.png */ = {isa = PBXFileReference; lastKnownFileType = image.png; path = cat114.png; sourceTree = "<group>"; };
		9AE943541A0F9B4F004AC409 /* TopScene.swift */ = {isa = PBXFileReference; fileEncoding = 4; lastKnownFileType = sourcecode.swift; path = TopScene.swift; sourceTree = "<group>"; };
/* End PBXFileReference section */

/* Begin PBXFrameworksBuildPhase section */
		1151CA6119E4235300750B7C /* Frameworks */ = {
			isa = PBXFrameworksBuildPhase;
			buildActionMask = 2147483647;
			files = (
			);
			runOnlyForDeploymentPostprocessing = 0;
		};
		1151CA7A19E4235300750B7C /* Frameworks */ = {
			isa = PBXFrameworksBuildPhase;
			buildActionMask = 2147483647;
			files = (
			);
			runOnlyForDeploymentPostprocessing = 0;
		};
/* End PBXFrameworksBuildPhase section */

/* Begin PBXGroup section */
		1151CA5B19E4235300750B7C = {
			isa = PBXGroup;
			children = (
				1151CA6619E4235300750B7C /* peachJohn */,
				1151CA8019E4235300750B7C /* peachJohnTests */,
				1151CA6519E4235300750B7C /* Products */,
			);
			sourceTree = "<group>";
		};
		1151CA6519E4235300750B7C /* Products */ = {
			isa = PBXGroup;
			children = (
				1151CA6419E4235300750B7C /* peachJohn.app */,
				1151CA7D19E4235300750B7C /* peachJohnTests.xctest */,
			);
			name = Products;
			sourceTree = "<group>";
		};
		1151CA6619E4235300750B7C /* peachJohn */ = {
			isa = PBXGroup;
			children = (
				9AE9434E1A0F9AF4004AC409 /* purple_cat.jpeg */,
				9AE9434F1A0F9AF4004AC409 /* mono_cat.jpeg */,
				9AE943501A0F9AF4004AC409 /* cat114.png */,
				1151CA6919E4235300750B7C /* AppDelegate.swift */,
				1151CA6B19E4235300750B7C /* GameScene.sks */,
				1151CA6D19E4235300750B7C /* GameScene.swift */,
				1151CA6F19E4235300750B7C /* GameViewController.swift */,
				9AE943541A0F9B4F004AC409 /* TopScene.swift */,
				9A5B6DC31A1574E600C890CE /* InfoScene.swift */,
				1151CA7119E4235300750B7C /* Main.storyboard */,
				1151CA7419E4235300750B7C /* Images.xcassets */,
				1151CA7619E4235300750B7C /* LaunchScreen.xib */,
				1151CA6719E4235300750B7C /* Supporting Files */,
				9A63ACEA1A102C800038153B /* ImagineScene.swift */,
				9A5D34191A118E0300D6A821 /* pantyColorModel.swift */,
			);
			path = peachJohn;
			sourceTree = "<group>";
		};
		1151CA6719E4235300750B7C /* Supporting Files */ = {
			isa = PBXGroup;
			children = (
				1151CA6819E4235300750B7C /* Info.plist */,
			);
			name = "Supporting Files";
			sourceTree = "<group>";
		};
		1151CA8019E4235300750B7C /* peachJohnTests */ = {
			isa = PBXGroup;
			children = (
				1151CA8319E4235300750B7C /* peachJohnTests.swift */,
				1151CA8119E4235300750B7C /* Supporting Files */,
			);
			path = peachJohnTests;
			sourceTree = "<group>";
		};
		1151CA8119E4235300750B7C /* Supporting Files */ = {
			isa = PBXGroup;
			children = (
				1151CA8219E4235300750B7C /* Info.plist */,
			);
			name = "Supporting Files";
			sourceTree = "<group>";
		};
/* End PBXGroup section */

/* Begin PBXNativeTarget section */
		1151CA6319E4235300750B7C /* peachJohn */ = {
			isa = PBXNativeTarget;
			buildConfigurationList = 1151CA8719E4235300750B7C /* Build configuration list for PBXNativeTarget "peachJohn" */;
			buildPhases = (
				1151CA6019E4235300750B7C /* Sources */,
				1151CA6119E4235300750B7C /* Frameworks */,
				1151CA6219E4235300750B7C /* Resources */,
			);
			buildRules = (
			);
			dependencies = (
			);
			name = peachJohn;
			productName = peachJohn;
			productReference = 1151CA6419E4235300750B7C /* peachJohn.app */;
			productType = "com.apple.product-type.application";
		};
		1151CA7C19E4235300750B7C /* peachJohnTests */ = {
			isa = PBXNativeTarget;
			buildConfigurationList = 1151CA8A19E4235300750B7C /* Build configuration list for PBXNativeTarget "peachJohnTests" */;
			buildPhases = (
				1151CA7919E4235300750B7C /* Sources */,
				1151CA7A19E4235300750B7C /* Frameworks */,
				1151CA7B19E4235300750B7C /* Resources */,
			);
			buildRules = (
			);
			dependencies = (
				1151CA7F19E4235300750B7C /* PBXTargetDependency */,
			);
			name = peachJohnTests;
			productName = peachJohnTests;
			productReference = 1151CA7D19E4235300750B7C /* peachJohnTests.xctest */;
			productType = "com.apple.product-type.bundle.unit-test";
		};
/* End PBXNativeTarget section */

/* Begin PBXProject section */
		1151CA5C19E4235300750B7C /* Project object */ = {
			isa = PBXProject;
			attributes = {
				LastUpgradeCheck = 0600;
				ORGANIZATIONNAME = abisetaoshi;
				TargetAttributes = {
					1151CA6319E4235300750B7C = {
						CreatedOnToolsVersion = 6.0.1;
					};
					1151CA7C19E4235300750B7C = {
						CreatedOnToolsVersion = 6.0.1;
						TestTargetID = 1151CA6319E4235300750B7C;
					};
				};
			};
			buildConfigurationList = 1151CA5F19E4235300750B7C /* Build configuration list for PBXProject "peachJohn" */;
			compatibilityVersion = "Xcode 3.2";
			developmentRegion = English;
			hasScannedForEncodings = 0;
			knownRegions = (
				en,
				Base,
			);
			mainGroup = 1151CA5B19E4235300750B7C;
			productRefGroup = 1151CA6519E4235300750B7C /* Products */;
			projectDirPath = "";
			projectRoot = "";
			targets = (
				1151CA6319E4235300750B7C /* peachJohn */,
				1151CA7C19E4235300750B7C /* peachJohnTests */,
			);
		};
/* End PBXProject section */

/* Begin PBXResourcesBuildPhase section */
		1151CA6219E4235300750B7C /* Resources */ = {
			isa = PBXResourcesBuildPhase;
			buildActionMask = 2147483647;
			files = (
				9AE943531A0F9AF4004AC409 /* cat114.png in Resources */,
				9AE943511A0F9AF4004AC409 /* purple_cat.jpeg in Resources */,
				9AE943521A0F9AF4004AC409 /* mono_cat.jpeg in Resources */,
				1151CA7819E4235300750B7C /* LaunchScreen.xib in Resources */,
				1151CA7519E4235300750B7C /* Images.xcassets in Resources */,
				1151CA6C19E4235300750B7C /* GameScene.sks in Resources */,
				1151CA7319E4235300750B7C /* Main.storyboard in Resources */,
			);
			runOnlyForDeploymentPostprocessing = 0;
		};
		1151CA7B19E4235300750B7C /* Resources */ = {
			isa = PBXResourcesBuildPhase;
			buildActionMask = 2147483647;
			files = (
			);
			runOnlyForDeploymentPostprocessing = 0;
		};
/* End PBXResourcesBuildPhase section */

/* Begin PBXSourcesBuildPhase section */
		1151CA6019E4235300750B7C /* Sources */ = {
			isa = PBXSourcesBuildPhase;
			buildActionMask = 2147483647;
			files = (
				9A5D341A1A118E0300D6A821 /* pantyColorModel.swift in Sources */,
				1151CA6E19E4235300750B7C /* GameScene.swift in Sources */,
				1151CA7019E4235300750B7C /* GameViewController.swift in Sources */,
				9AE943551A0F9B4F004AC409 /* TopScene.swift in Sources */,
				9A5B6DC41A1574E600C890CE /* InfoScene.swift in Sources */,
				9A63ACEB1A102C800038153B /* ImagineScene.swift in Sources */,
				1151CA6A19E4235300750B7C /* AppDelegate.swift in Sources */,
			);
			runOnlyForDeploymentPostprocessing = 0;
		};
		1151CA7919E4235300750B7C /* Sources */ = {
			isa = PBXSourcesBuildPhase;
			buildActionMask = 2147483647;
			files = (
				1151CA8419E4235300750B7C /* peachJohnTests.swift in Sources */,
			);
			runOnlyForDeploymentPostprocessing = 0;
		};
/* End PBXSourcesBuildPhase section */

/* Begin PBXTargetDependency section */
		1151CA7F19E4235300750B7C /* PBXTargetDependency */ = {
			isa = PBXTargetDependency;
			target = 1151CA6319E4235300750B7C /* peachJohn */;
			targetProxy = 1151CA7E19E4235300750B7C /* PBXContainerItemProxy */;
		};
/* End PBXTargetDependency section */

/* Begin PBXVariantGroup section */
		1151CA7119E4235300750B7C /* Main.storyboard */ = {
			isa = PBXVariantGroup;
			children = (
				1151CA7219E4235300750B7C /* Base */,
			);
			name = Main.storyboard;
			sourceTree = "<group>";
		};
		1151CA7619E4235300750B7C /* LaunchScreen.xib */ = {
			isa = PBXVariantGroup;
			children = (
				1151CA7719E4235300750B7C /* Base */,
			);
			name = LaunchScreen.xib;
			sourceTree = "<group>";
		};
/* End PBXVariantGroup section */

/* Begin XCBuildConfiguration section */
		1151CA8519E4235300750B7C /* Debug */ = {
			isa = XCBuildConfiguration;
			buildSettings = {
				ALWAYS_SEARCH_USER_PATHS = NO;
				CLANG_CXX_LANGUAGE_STANDARD = "gnu++0x";
				CLANG_CXX_LIBRARY = "libc++";
				CLANG_ENABLE_MODULES = YES;
				CLANG_ENABLE_OBJC_ARC = YES;
				CLANG_WARN_BOOL_CONVERSION = YES;
				CLANG_WARN_CONSTANT_CONVERSION = YES;
				CLANG_WARN_DIRECT_OBJC_ISA_USAGE = YES_ERROR;
				CLANG_WARN_EMPTY_BODY = YES;
				CLANG_WARN_ENUM_CONVERSION = YES;
				CLANG_WARN_INT_CONVERSION = YES;
				CLANG_WARN_OBJC_ROOT_CLASS = YES_ERROR;
				CLANG_WARN_UNREACHABLE_CODE = YES;
				CLANG_WARN__DUPLICATE_METHOD_MATCH = YES;
				"CODE_SIGN_IDENTITY[sdk=iphoneos*]" = "iPhone Developer";
				COPY_PHASE_STRIP = NO;
				ENABLE_STRICT_OBJC_MSGSEND = YES;
				GCC_C_LANGUAGE_STANDARD = gnu99;
				GCC_DYNAMIC_NO_PIC = NO;
				GCC_OPTIMIZATION_LEVEL = 0;
				GCC_PREPROCESSOR_DEFINITIONS = (
					"DEBUG=1",
					"$(inherited)",
				);
				GCC_SYMBOLS_PRIVATE_EXTERN = NO;
				GCC_WARN_64_TO_32_BIT_CONVERSION = YES;
				GCC_WARN_ABOUT_RETURN_TYPE = YES_ERROR;
				GCC_WARN_UNDECLARED_SELECTOR = YES;
				GCC_WARN_UNINITIALIZED_AUTOS = YES_AGGRESSIVE;
				GCC_WARN_UNUSED_FUNCTION = YES;
				GCC_WARN_UNUSED_VARIABLE = YES;
				IPHONEOS_DEPLOYMENT_TARGET = 8.0;
				MTL_ENABLE_DEBUG_INFO = YES;
				ONLY_ACTIVE_ARCH = YES;
				SDKROOT = iphoneos;
				SWIFT_OPTIMIZATION_LEVEL = "-Onone";
			};
			name = Debug;
		};
		1151CA8619E4235300750B7C /* Release */ = {
			isa = XCBuildConfiguration;
			buildSettings = {
				ALWAYS_SEARCH_USER_PATHS = NO;
				CLANG_CXX_LANGUAGE_STANDARD = "gnu++0x";
				CLANG_CXX_LIBRARY = "libc++";
				CLANG_ENABLE_MODULES = YES;
				CLANG_ENABLE_OBJC_ARC = YES;
				CLANG_WARN_BOOL_CONVERSION = YES;
				CLANG_WARN_CONSTANT_CONVERSION = YES;
				CLANG_WARN_DIRECT_OBJC_ISA_USAGE = YES_ERROR;
				CLANG_WARN_EMPTY_BODY = YES;
				CLANG_WARN_ENUM_CONVERSION = YES;
				CLANG_WARN_INT_CONVERSION = YES;
				CLANG_WARN_OBJC_ROOT_CLASS = YES_ERROR;
				CLANG_WARN_UNREACHABLE_CODE = YES;
				CLANG_WARN__DUPLICATE_METHOD_MATCH = YES;
				"CODE_SIGN_IDENTITY[sdk=iphoneos*]" = "iPhone Developer";
				COPY_PHASE_STRIP = YES;
				ENABLE_NS_ASSERTIONS = NO;
				ENABLE_STRICT_OBJC_MSGSEND = YES;
				GCC_C_LANGUAGE_STANDARD = gnu99;
				GCC_WARN_64_TO_32_BIT_CONVERSION = YES;
				GCC_WARN_ABOUT_RETURN_TYPE = YES_ERROR;
				GCC_WARN_UNDECLARED_SELECTOR = YES;
				GCC_WARN_UNINITIALIZED_AUTOS = YES_AGGRESSIVE;
				GCC_WARN_UNUSED_FUNCTION = YES;
				GCC_WARN_UNUSED_VARIABLE = YES;
				IPHONEOS_DEPLOYMENT_TARGET = 8.0;
				MTL_ENABLE_DEBUG_INFO = NO;
				SDKROOT = iphoneos;
				VALIDATE_PRODUCT = YES;
			};
			name = Release;
		};
		1151CA8819E4235300750B7C /* Debug */ = {
			isa = XCBuildConfiguration;
			buildSettings = {
				ASSETCATALOG_COMPILER_APPICON_NAME = AppIcon;
				INFOPLIST_FILE = peachJohn/Info.plist;
				LD_RUNPATH_SEARCH_PATHS = "$(inherited) @executable_path/Frameworks";
				PRODUCT_NAME = "$(TARGET_NAME)";
			};
			name = Debug;
		};
		1151CA8919E4235300750B7C /* Release */ = {
			isa = XCBuildConfiguration;
			buildSettings = {
				ASSETCATALOG_COMPILER_APPICON_NAME = AppIcon;
				INFOPLIST_FILE = peachJohn/Info.plist;
				LD_RUNPATH_SEARCH_PATHS = "$(inherited) @executable_path/Frameworks";
				PRODUCT_NAME = "$(TARGET_NAME)";
			};
			name = Release;
		};
		1151CA8B19E4235300750B7C /* Debug */ = {
			isa = XCBuildConfiguration;
			buildSettings = {
				BUNDLE_LOADER = "$(TEST_HOST)";
				FRAMEWORK_SEARCH_PATHS = (
					"$(SDKROOT)/Developer/Library/Frameworks",
					"$(inherited)",
				);
				GCC_PREPROCESSOR_DEFINITIONS = (
					"DEBUG=1",
					"$(inherited)",
				);
				INFOPLIST_FILE = peachJohnTests/Info.plist;
				LD_RUNPATH_SEARCH_PATHS = "$(inherited) @executable_path/Frameworks @loader_path/Frameworks";
				PRODUCT_NAME = "$(TARGET_NAME)";
				TEST_HOST = "$(BUILT_PRODUCTS_DIR)/peachJohn.app/peachJohn";
			};
			name = Debug;
		};
		1151CA8C19E4235300750B7C /* Release */ = {
			isa = XCBuildConfiguration;
			buildSettings = {
				BUNDLE_LOADER = "$(TEST_HOST)";
				FRAMEWORK_SEARCH_PATHS = (
					"$(SDKROOT)/Developer/Library/Frameworks",
					"$(inherited)",
				);
				INFOPLIST_FILE = peachJohnTests/Info.plist;
				LD_RUNPATH_SEARCH_PATHS = "$(inherited) @executable_path/Frameworks @loader_path/Frameworks";
				PRODUCT_NAME = "$(TARGET_NAME)";
				TEST_HOST = "$(BUILT_PRODUCTS_DIR)/peachJohn.app/peachJohn";
			};
			name = Release;
		};
/* End XCBuildConfiguration section */

/* Begin XCConfigurationList section */
		1151CA5F19E4235300750B7C /* Build configuration list for PBXProject "peachJohn" */ = {
			isa = XCConfigurationList;
			buildConfigurations = (
				1151CA8519E4235300750B7C /* Debug */,
				1151CA8619E4235300750B7C /* Release */,
			);
			defaultConfigurationIsVisible = 0;
			defaultConfigurationName = Release;
		};
		1151CA8719E4235300750B7C /* Build configuration list for PBXNativeTarget "peachJohn" */ = {
			isa = XCConfigurationList;
			buildConfigurations = (
				1151CA8819E4235300750B7C /* Debug */,
				1151CA8919E4235300750B7C /* Release */,
			);
			defaultConfigurationIsVisible = 0;
			defaultConfigurationName = Release;
		};
		1151CA8A19E4235300750B7C /* Build configuration list for PBXNativeTarget "peachJohnTests" */ = {
			isa = XCConfigurationList;
			buildConfigurations = (
				1151CA8B19E4235300750B7C /* Debug */,
				1151CA8C19E4235300750B7C /* Release */,
			);
			defaultConfigurationIsVisible = 0;
			defaultConfigurationName = Release;
		};
/* End XCConfigurationList section */
	};
	rootObject = 1151CA5C19E4235300750B7C /* Project object */;
}
